
Microsoft Visual Studio Solution File, Format Version 12.00
# Visual Studio 15
VisualStudioVersion = 15.0.26228.4
MinimumVisualStudioVersion = 10.0.40219.1
Project("{2150E333-8FDC-42A3-9474-1A3956D46DE8}") = "1 - Presentation", "1 - Presentation", "{063B075E-852C-4460-B409-D22213F5A981}"
EndProject
Project("{2150E333-8FDC-42A3-9474-1A3956D46DE8}") = "4 - Domain", "4 - Domain", "{5847FB0B-09E8-46E1-ADDC-53F9C2FC1754}"
EndProject
Project("{FAE04EC0-301F-11D3-BF4B-00C04F79EFBC}") = "ADS1T1M.TP3.ViniciusNunes.Present.App", "ADS1T1M.TP3.ViniciusNunes.Present.App\ADS1T1M.TP3.ViniciusNunes.Present.App.csproj", "{CEC451B3-2DAC-49CA-856D-48684ED6CA3B}"
EndProject
Project("{FAE04EC0-301F-11D3-BF4B-00C04F79EFBC}") = "ADS1T1M.TP3.Vinicius_Nunes.Domain", "ADS1T1M.TP3.Vinicius_Nunes.Domain\ADS1T1M.TP3.Vinicius_Nunes.Domain.csproj", "{14746EA0-AA6D-4C13-B835-4009C056EADB}"
EndProject
Project("{2150E333-8FDC-42A3-9474-1A3956D46DE8}") = "5 - Infra", "5 - Infra", "{9FDD27FE-DCEC-48C7-8178-A15B6AD9AB3B}"
EndProject
Project("{2150E333-8FDC-42A3-9474-1A3956D46DE8}") = "5.1 - Data", "5.1 - Data", "{34D2718B-0F6C-4432-84C3-86E666AA8411}"
EndProject
Project("{FAE04EC0-301F-11D3-BF4B-00C04F79EFBC}") = "ADS1T1M.TP3.Vinicius_Nunes.Infra.Data", "ADS1T1M.TP3.Vinicius_Nunes.Infra.Data\ADS1T1M.TP3.Vinicius_Nunes.Infra.Data.csproj", "{6F04BA15-1062-4B6A-8E1D-057D01D54F07}"
EndProject
Project("{FAE04EC0-301F-11D3-BF4B-00C04F79EFBC}") = "ADS1T1M.TP3.Vinicius_Nunes.WPFApp", "ADS1T1M.TP3.Vinicius_Nunes.WPFApp\ADS1T1M.TP3.Vinicius_Nunes.WPFApp.csproj", "{E52D142D-A6B2-4A23-9277-2D2AC42EF3F9}"
EndProject
Global
	GlobalSection(SolutionConfigurationPlatforms) = preSolution
		Debug|Any CPU = Debug|Any CPU
		Debug|ARM = Debug|ARM
		Debug|x64 = Debug|x64
		Debug|x86 = Debug|x86
		Release|Any CPU = Release|Any CPU
		Release|ARM = Release|ARM
		Release|x64 = Release|x64
		Release|x86 = Release|x86
	EndGlobalSection
	GlobalSection(ProjectConfigurationPlatforms) = postSolution
		{CEC451B3-2DAC-49CA-856D-48684ED6CA3B}.Debug|Any CPU.ActiveCfg = Debug|Any CPU
		{CEC451B3-2DAC-49CA-856D-48684ED6CA3B}.Debug|Any CPU.Build.0 = Debug|Any CPU
		{CEC451B3-2DAC-49CA-856D-48684ED6CA3B}.Debug|ARM.ActiveCfg = Debug|Any CPU
		{CEC451B3-2DAC-49CA-856D-48684ED6CA3B}.Debug|ARM.Build.0 = Debug|Any CPU
		{CEC451B3-2DAC-49CA-856D-48684ED6CA3B}.Debug|x64.ActiveCfg = Debug|Any CPU
		{CEC451B3-2DAC-49CA-856D-48684ED6CA3B}.Debug|x64.Build.0 = Debug|Any CPU
		{CEC451B3-2DAC-49CA-856D-48684ED6CA3B}.Debug|x86.ActiveCfg = Debug|Any CPU
		{CEC451B3-2DAC-49CA-856D-48684ED6CA3B}.Debug|x86.Build.0 = Debug|Any CPU
		{CEC451B3-2DAC-49CA-856D-48684ED6CA3B}.Release|Any CPU.ActiveCfg = Release|Any CPU
		{CEC451B3-2DAC-49CA-856D-48684ED6CA3B}.Release|Any CPU.Build.0 = Release|Any CPU
		{CEC451B3-2DAC-49CA-856D-48684ED6CA3B}.Release|ARM.ActiveCfg = Release|Any CPU
		{CEC451B3-2DAC-49CA-856D-48684ED6CA3B}.Release|ARM.Build.0 = Release|Any CPU
		{CEC451B3-2DAC-49CA-856D-48684ED6CA3B}.Release|x64.ActiveCfg = Release|Any CPU
		{CEC451B3-2DAC-49CA-856D-48684ED6CA3B}.Release|x64.Build.0 = Release|Any CPU
		{CEC451B3-2DAC-49CA-856D-48684ED6CA3B}.Release|x86.ActiveCfg = Release|Any CPU
		{CEC451B3-2DAC-49CA-856D-48684ED6CA3B}.Release|x86.Build.0 = Release|Any CPU
		{14746EA0-AA6D-4C13-B835-4009C056EADB}.Debug|Any CPU.ActiveCfg = Debug|Any CPU
		{14746EA0-AA6D-4C13-B835-4009C056EADB}.Debug|Any CPU.Build.0 = Debug|Any CPU
		{14746EA0-AA6D-4C13-B835-4009C056EADB}.Debug|ARM.ActiveCfg = Debug|Any CPU
		{14746EA0-AA6D-4C13-B835-4009C056EADB}.Debug|ARM.Build.0 = Debug|Any CPU
		{14746EA0-AA6D-4C13-B835-4009C056EADB}.Debug|x64.ActiveCfg = Debug|Any CPU
		{14746EA0-AA6D-4C13-B835-4009C056EADB}.Debug|x64.Build.0 = Debug|Any CPU
		{14746EA0-AA6D-4C13-B835-4009C056EADB}.Debug|x86.ActiveCfg = Debug|Any CPU
		{14746EA0-AA6D-4C13-B835-4009C056EADB}.Debug|x86.Build.0 = Debug|Any CPU
		{14746EA0-AA6D-4C13-B835-4009C056EADB}.Release|Any CPU.ActiveCfg = Release|Any CPU
		{14746EA0-AA6D-4C13-B835-4009C056EADB}.Release|Any CPU.Build.0 = Release|Any CPU
		{14746EA0-AA6D-4C13-B835-4009C056EADB}.Release|ARM.ActiveCfg = Release|Any CPU
		{14746EA0-AA6D-4C13-B835-4009C056EADB}.Release|ARM.Build.0 = Release|Any CPU
		{14746EA0-AA6D-4C13-B835-4009C056EADB}.Release|x64.ActiveCfg = Release|Any CPU
		{14746EA0-AA6D-4C13-B835-4009C056EADB}.Release|x64.Build.0 = Release|Any CPU
		{14746EA0-AA6D-4C13-B835-4009C056EADB}.Release|x86.ActiveCfg = Release|Any CPU
		{14746EA0-AA6D-4C13-B835-4009C056EADB}.Release|x86.Build.0 = Release|Any CPU
		{6F04BA15-1062-4B6A-8E1D-057D01D54F07}.Debug|Any CPU.ActiveCfg = Debug|Any CPU
		{6F04BA15-1062-4B6A-8E1D-057D01D54F07}.Debug|Any CPU.Build.0 = Debug|Any CPU
		{6F04BA15-1062-4B6A-8E1D-057D01D54F07}.Debug|ARM.ActiveCfg = Debug|Any CPU
		{6F04BA15-1062-4B6A-8E1D-057D01D54F07}.Debug|ARM.Build.0 = Debug|Any CPU
		{6F04BA15-1062-4B6A-8E1D-057D01D54F07}.Debug|x64.ActiveCfg = Debug|Any CPU
		{6F04BA15-1062-4B6A-8E1D-057D01D54F07}.Debug|x64.Build.0 = Debug|Any CPU
		{6F04BA15-1062-4B6A-8E1D-057D01D54F07}.Debug|x86.ActiveCfg = Debug|Any CPU
		{6F04BA15-1062-4B6A-8E1D-057D01D54F07}.Debug|x86.Build.0 = Debug|Any CPU
		{6F04BA15-1062-4B6A-8E1D-057D01D54F07}.Release|Any CPU.ActiveCfg = Release|Any CPU
		{6F04BA15-1062-4B6A-8E1D-057D01D54F07}.Release|Any CPU.Build.0 = Release|Any CPU
		{6F04BA15-1062-4B6A-8E1D-057D01D54F07}.Release|ARM.ActiveCfg = Release|Any CPU
		{6F04BA15-1062-4B6A-8E1D-057D01D54F07}.Release|ARM.Build.0 = Release|Any CPU
		{6F04BA15-1062-4B6A-8E1D-057D01D54F07}.Release|x64.ActiveCfg = Release|Any CPU
		{6F04BA15-1062-4B6A-8E1D-057D01D54F07}.Release|x64.Build.0 = Release|Any CPU
		{6F04BA15-1062-4B6A-8E1D-057D01D54F07}.Release|x86.ActiveCfg = Release|Any CPU
		{6F04BA15-1062-4B6A-8E1D-057D01D54F07}.Release|x86.Build.0 = Release|Any CPU
		{E52D142D-A6B2-4A23-9277-2D2AC42EF3F9}.Debug|Any CPU.ActiveCfg = Debug|Any CPU
		{E52D142D-A6B2-4A23-9277-2D2AC42EF3F9}.Debug|Any CPU.Build.0 = Debug|Any CPU
		{E52D142D-A6B2-4A23-9277-2D2AC42EF3F9}.Debug|ARM.ActiveCfg = Debug|Any CPU
		{E52D142D-A6B2-4A23-9277-2D2AC42EF3F9}.Debug|ARM.Build.0 = Debug|Any CPU
		{E52D142D-A6B2-4A23-9277-2D2AC42EF3F9}.Debug|x64.ActiveCfg = Debug|Any CPU
		{E52D142D-A6B2-4A23-9277-2D2AC42EF3F9}.Debug|x64.Build.0 = Debug|Any CPU
		{E52D142D-A6B2-4A23-9277-2D2AC42EF3F9}.Debug|x86.ActiveCfg = Debug|Any CPU
		{E52D142D-A6B2-4A23-9277-2D2AC42EF3F9}.Debug|x86.Build.0 = Debug|Any CPU
		{E52D142D-A6B2-4A23-9277-2D2AC42EF3F9}.Release|Any CPU.ActiveCfg = Release|Any CPU
		{E52D142D-A6B2-4A23-9277-2D2AC42EF3F9}.Release|Any CPU.Build.0 = Release|Any CPU
		{E52D142D-A6B2-4A23-9277-2D2AC42EF3F9}.Release|ARM.ActiveCfg = Release|Any CPU
		{E52D142D-A6B2-4A23-9277-2D2AC42EF3F9}.Release|ARM.Build.0 = Release|Any CPU
		{E52D142D-A6B2-4A23-9277-2D2AC42EF3F9}.Release|x64.ActiveCfg = Release|Any CPU
		{E52D142D-A6B2-4A23-9277-2D2AC42EF3F9}.Release|x64.Build.0 = Release|Any CPU
		{E52D142D-A6B2-4A23-9277-2D2AC42EF3F9}.Release|x86.ActiveCfg = Release|Any CPU
		{E52D142D-A6B2-4A23-9277-2D2AC42EF3F9}.Release|x86.Build.0 = Release|Any CPU
	EndGlobalSection
	GlobalSection(SolutionProperties) = preSolution
		HideSolutionNode = FALSE
	EndGlobalSection
	GlobalSection(NestedProjects) = preSolution
		{CEC451B3-2DAC-49CA-856D-48684ED6CA3B} = {063B075E-852C-4460-B409-D22213F5A981}
		{14746EA0-AA6D-4C13-B835-4009C056EADB} = {5847FB0B-09E8-46E1-ADDC-53F9C2FC1754}
		{34D2718B-0F6C-4432-84C3-86E666AA8411} = {9FDD27FE-DCEC-48C7-8178-A15B6AD9AB3B}
		{6F04BA15-1062-4B6A-8E1D-057D01D54F07} = {34D2718B-0F6C-4432-84C3-86E666AA8411}
		{E52D142D-A6B2-4A23-9277-2D2AC42EF3F9} = {063B075E-852C-4460-B409-D22213F5A981}
	EndGlobalSection
EndGlobal
